
Microsoft Visual Studio Solution File, Format Version 12.00
# Visual Studio Version 17
VisualStudioVersion = 17.2.32630.192
MinimumVisualStudioVersion = 10.0.40219.1
Project("{FAE04EC0-301F-11D3-BF4B-00C04F79EFBC}") = "Combination in one collection", "Combination in one collection\Combination in one collection.csproj", "{CE64BFAA-19B3-452B-A5A2-277BFF7AF018}"
EndProject
Global
	GlobalSection(SolutionConfigurationPlatforms) = preSolution
		Debug|Any CPU = Debug|Any CPU
		Release|Any CPU = Release|Any CPU
	EndGlobalSection
	GlobalSection(ProjectConfigurationPlatforms) = postSolution
		{CE64BFAA-19B3-452B-A5A2-277BFF7AF018}.Debug|Any CPU.ActiveCfg = Debug|Any CPU
		{CE64BFAA-19B3-452B-A5A2-277BFF7AF018}.Debug|Any CPU.Build.0 = Debug|Any CPU
		{CE64BFAA-19B3-452B-A5A2-277BFF7AF018}.Release|Any CPU.ActiveCfg = Release|Any CPU
		{CE64BFAA-19B3-452B-A5A2-277BFF7AF018}.Release|Any CPU.Build.0 = Release|Any CPU
	EndGlobalSection
	GlobalSection(SolutionProperties) = preSolution
		HideSolutionNode = FALSE
	EndGlobalSection
	GlobalSection(ExtensibilityGlobals) = postSolution
		SolutionGuid = {E233280A-95AB-4224-95E9-E4C66C0A193D}
	EndGlobalSection
EndGlobal
